
Microsoft Visual Studio Solution File, Format Version 12.00
# Visual Studio 15
VisualStudioVersion = 15.0.27428.2027
MinimumVisualStudioVersion = 10.0.40219.1
Project("{FAE04EC0-301F-11D3-BF4B-00C04F79EFBC}") = "R6S Chat Spammer", "R6S Chat Spammer\R6S Chat Spammer.csproj", "{61403D95-0675-461F-8B44-308FEE51BC95}"
EndProject
Project("{FAE04EC0-301F-11D3-BF4B-00C04F79EFBC}") = "HotkeyLib", "HotkeyLib\HotkeyLib.csproj", "{09823DA8-C587-4363-95F1-CD99F4D0A678}"
EndProject
Global
	GlobalSection(SolutionConfigurationPlatforms) = preSolution
		Debug|Any CPU = Debug|Any CPU
		Debug|x86 = Debug|x86
		Release|Any CPU = Release|Any CPU
		Release|x86 = Release|x86
	EndGlobalSection
	GlobalSection(ProjectConfigurationPlatforms) = postSolution
		{61403D95-0675-461F-8B44-308FEE51BC95}.Debug|Any CPU.ActiveCfg = Debug|Any CPU
		{61403D95-0675-461F-8B44-308FEE51BC95}.Debug|Any CPU.Build.0 = Debug|Any CPU
		{61403D95-0675-461F-8B44-308FEE51BC95}.Debug|x86.ActiveCfg = Debug|Any CPU
		{61403D95-0675-461F-8B44-308FEE51BC95}.Debug|x86.Build.0 = Debug|Any CPU
		{61403D95-0675-461F-8B44-308FEE51BC95}.Release|Any CPU.ActiveCfg = Release|Any CPU
		{61403D95-0675-461F-8B44-308FEE51BC95}.Release|Any CPU.Build.0 = Release|Any CPU
		{61403D95-0675-461F-8B44-308FEE51BC95}.Release|x86.ActiveCfg = Release|Any CPU
		{61403D95-0675-461F-8B44-308FEE51BC95}.Release|x86.Build.0 = Release|Any CPU
		{09823DA8-C587-4363-95F1-CD99F4D0A678}.Debug|Any CPU.ActiveCfg = Debug|Any CPU
		{09823DA8-C587-4363-95F1-CD99F4D0A678}.Debug|Any CPU.Build.0 = Debug|Any CPU
		{09823DA8-C587-4363-95F1-CD99F4D0A678}.Debug|x86.ActiveCfg = Debug|Any CPU
		{09823DA8-C587-4363-95F1-CD99F4D0A678}.Debug|x86.Build.0 = Debug|Any CPU
		{09823DA8-C587-4363-95F1-CD99F4D0A678}.Release|Any CPU.ActiveCfg = Release|Any CPU
		{09823DA8-C587-4363-95F1-CD99F4D0A678}.Release|Any CPU.Build.0 = Release|Any CPU
		{09823DA8-C587-4363-95F1-CD99F4D0A678}.Release|x86.ActiveCfg = Release|Any CPU
		{09823DA8-C587-4363-95F1-CD99F4D0A678}.Release|x86.Build.0 = Release|Any CPU
	EndGlobalSection
	GlobalSection(SolutionProperties) = preSolution
		HideSolutionNode = FALSE
	EndGlobalSection
	GlobalSection(ExtensibilityGlobals) = postSolution
		SolutionGuid = {70EA15A4-10A3-42FE-B0D9-6ED071F5A83F}
	EndGlobalSection
EndGlobal
